
Microsoft Visual Studio Solution File, Format Version 12.00
# Visual Studio Version 17
VisualStudioVersion = 17.14.36616.10 d17.14
MinimumVisualStudioVersion = 10.0.40219.1
Project("{FAE04EC0-301F-11D3-BF4B-00C04F79EFBC}") = "TP2.EX7.C#", "TP2.EX7.C#\TP2.EX7.C#.csproj", "{6B6B25BA-3560-44FB-BED6-711A631138FE}"
EndProject
Global
	GlobalSection(SolutionConfigurationPlatforms) = preSolution
		Debug|Any CPU = Debug|Any CPU
		Release|Any CPU = Release|Any CPU
	EndGlobalSection
	GlobalSection(ProjectConfigurationPlatforms) = postSolution
		{6B6B25BA-3560-44FB-BED6-711A631138FE}.Debug|Any CPU.ActiveCfg = Debug|Any CPU
		{6B6B25BA-3560-44FB-BED6-711A631138FE}.Debug|Any CPU.Build.0 = Debug|Any CPU
		{6B6B25BA-3560-44FB-BED6-711A631138FE}.Release|Any CPU.ActiveCfg = Release|Any CPU
		{6B6B25BA-3560-44FB-BED6-711A631138FE}.Release|Any CPU.Build.0 = Release|Any CPU
	EndGlobalSection
	GlobalSection(SolutionProperties) = preSolution
		HideSolutionNode = FALSE
	EndGlobalSection
	GlobalSection(ExtensibilityGlobals) = postSolution
		SolutionGuid = {8FFFEA37-F099-49DE-8A91-F87FAE6189FE}
	EndGlobalSection
EndGlobal
